# This file is automatically @generated by Poetry 1.7.1 and should not be changed by hand.

[[package]]
name = "accessible-output2"
version = "0.17"
description = "Library to provide speech and braille output to a variety of different screen readers and other accessibility solutions."
optional = false
python-versions = "*"
files = [
    {file = "accessible_output2-0.17-py2.py3-none-any.whl", hash = "sha256:bdcfc5f2c8ecb50b219fa7d547018dd0c99dfa4c56b506872c74f5dc941a3288"},
    {file = "accessible_output2-0.17.tar.gz", hash = "sha256:592da28fbbbd538e81ecd17236aaef3c5b86cdee8fbf3f6f2b8b81bcebd99389"},
]

[package.dependencies]
appscript = {version = "*", markers = "sys_platform == \"darwin\""}
libloader = "*"
platform-utils = "*"
pywin32 = {version = "*", markers = "sys_platform == \"win32\""}

[[package]]
name = "appscript"
version = "1.2.2"
description = "Control AppleScriptable applications from Python."
optional = false
python-versions = "*"
files = [
    {file = "appscript-1.2.2-cp310-cp310-macosx_10_9_universal2.whl", hash = "sha256:1dff7bae29723752f75f025dc816e59f517437976118eba5d83c51728dbb91ba"},
    {file = "appscript-1.2.2-cp310-cp310-macosx_10_9_x86_64.whl", hash = "sha256:9c4ba362361131bbf8666de95bbaaf929d5ae2513255f9d47fb8119b6d8279eb"},
    {file = "appscript-1.2.2-cp311-cp311-macosx_10_9_universal2.whl", hash = "sha256:36719a13bf502158765f42e195ec25ec208dc5e774f9776c2cd838ec46f30762"},
    {file = "appscript-1.2.2-cp311-cp311-macosx_10_9_x86_64.whl", hash = "sha256:9dbe19647c7e8695944c773600b25fffe309640b3e1687a836880d0e7695ac08"},
    {file = "appscript-1.2.2-cp37-cp37m-macosx_10_9_x86_64.whl", hash = "sha256:afa39b88eb569a51f7f861c0c33c721080e49db8b95fdafeaa9f9a2b4d111d00"},
    {file = "appscript-1.2.2-cp38-cp38-macosx_10_9_universal2.whl", hash = "sha256:1bf9b81eddd61fb62e5003ea3168f3dd80c97cc2d0ff4511553fea4dab1fce30"},
    {file = "appscript-1.2.2-cp38-cp38-macosx_10_9_x86_64.whl", hash = "sha256:bd141cb87cd54813ef19907fb017cc375d245f776e9e7602dc8d559d0e379827"},
    {file = "appscript-1.2.2-cp39-cp39-macosx_10_9_universal2.whl", hash = "sha256:1a57ae62e1f2ffdb3d8ddd387a2ba2cc9863994d939307e68ad2fa2f9b24a3dd"},
    {file = "appscript-1.2.2-cp39-cp39-macosx_10_9_x86_64.whl", hash = "sha256:fb6bfcaea9fc7b47e36c5594ab863b536a5914bfdf1ff5e8571b8b1d1f877cdd"},
    {file = "appscript-1.2.2.tar.gz", hash = "sha256:64552e87a6b8fac437951f14dd66370576dd2a311bded2aef041580f82fa2c1f"},
]

[package.dependencies]
lxml = ">=4.7.1"

[[package]]
name = "cyal"
version = "0.3.2"
description = "Cython bindings for OpenAL"
optional = false
python-versions = ">=3.9"
files = [
    {file = "cyal-0.3.2-cp311-cp311-manylinux_2_36_x86_64.whl", hash = "sha256:cb6e5831c4a989d14f3774372f1c95bdbee7f1958de98a02d91bb9b2a6a1c33e"},
    {file = "cyal-0.3.2.tar.gz", hash = "sha256:6680443960f2c005db6795c38ecbaa681e9c0c93013eb6b73f0e42d107dae995"},
]

[[package]]
name = "libloader"
version = "0.21"
description = ""
optional = false
python-versions = "*"
files = [
    {file = "libloader-0.21-py2.py3-none-any.whl", hash = "sha256:92d88169d65c4707a3c841ca955823e7be6774dcd5f6af27d201cae737163f8c"},
    {file = "libloader-0.21.tar.gz", hash = "sha256:8311bcb4a7a4baf717a06e47d87da0ea14708987d9f46fcbc9fdd2361b2b311f"},
]

[[package]]
name = "lxml"
version = "4.9.4"
description = "Powerful and Pythonic XML processing library combining libxml2/libxslt with the ElementTree API."
optional = false
python-versions = ">=2.7, !=3.0.*, !=3.1.*, !=3.2.*, !=3.3.*, != 3.4.*"
files = [
    {file = "lxml-4.9.4-cp27-cp27m-manylinux_2_5_i686.manylinux1_i686.whl", hash = "sha256:e214025e23db238805a600f1f37bf9f9a15413c7bf5f9d6ae194f84980c78722"},
    {file = "lxml-4.9.4-cp27-cp27m-manylinux_2_5_x86_64.manylinux1_x86_64.whl", hash = "sha256:ec53a09aee61d45e7dbe7e91252ff0491b6b5fee3d85b2d45b173d8ab453efc1"},
    {file = "lxml-4.9.4-cp27-cp27m-win32.whl", hash = "sha256:7d1d6c9e74c70ddf524e3c09d9dc0522aba9370708c2cb58680ea40174800013"},
    {file = "lxml-4.9.4-cp27-cp27m-win_amd64.whl", hash = "sha256:cb53669442895763e61df5c995f0e8361b61662f26c1b04ee82899c2789c8f69"},
    {file = "lxml-4.9.4-cp27-cp27mu-manylinux_2_5_i686.manylinux1_i686.whl", hash = "sha256:647bfe88b1997d7ae8d45dabc7c868d8cb0c8412a6e730a7651050b8c7289cf2"},
    {file = "lxml-4.9.4-cp27-cp27mu-manylinux_2_5_x86_64.manylinux1_x86_64.whl", hash = "sha256:4d973729ce04784906a19108054e1fd476bc85279a403ea1a72fdb051c76fa48"},
    {file = "lxml-4.9.4-cp310-cp310-macosx_11_0_x86_64.whl", hash = "sha256:056a17eaaf3da87a05523472ae84246f87ac2f29a53306466c22e60282e54ff8"},
    {file = "lxml-4.9.4-cp310-cp310-manylinux_2_12_i686.manylinux2010_i686.manylinux_2_24_i686.whl", hash = "sha256:aaa5c173a26960fe67daa69aa93d6d6a1cd714a6eb13802d4e4bd1d24a530644"},
    {file = "lxml-4.9.4-cp310-cp310-manylinux_2_17_aarch64.manylinux2014_aarch64.manylinux_2_24_aarch64.whl", hash = "sha256:647459b23594f370c1c01768edaa0ba0959afc39caeeb793b43158bb9bb6a663"},
    {file = "lxml-4.9.4-cp310-cp310-manylinux_2_17_x86_64.manylinux2014_x86_64.manylinux_2_24_x86_64.whl", hash = "sha256:bdd9abccd0927673cffe601d2c6cdad1c9321bf3437a2f507d6b037ef91ea307"},
    {file = "lxml-4.9.4-cp310-cp310-manylinux_2_28_x86_64.whl", hash = "sha256:00e91573183ad273e242db5585b52670eddf92bacad095ce25c1e682da14ed91"},
    {file = "lxml-4.9.4-cp310-cp310-musllinux_1_1_aarch64.whl", hash = "sha256:a602ed9bd2c7d85bd58592c28e101bd9ff9c718fbde06545a70945ffd5d11868"},
    {file = "lxml-4.9.4-cp310-cp310-musllinux_1_1_x86_64.whl", hash = "sha256:de362ac8bc962408ad8fae28f3967ce1a262b5d63ab8cefb42662566737f1dc7"},
    {file = "lxml-4.9.4-cp310-cp310-win32.whl", hash = "sha256:33714fcf5af4ff7e70a49731a7cc8fd9ce910b9ac194f66eaa18c3cc0a4c02be"},
    {file = "lxml-4.9.4-cp310-cp310-win_amd64.whl", hash = "sha256:d3caa09e613ece43ac292fbed513a4bce170681a447d25ffcbc1b647d45a39c5"},
    {file = "lxml-4.9.4-cp311-cp311-macosx_11_0_universal2.whl", hash = "sha256:359a8b09d712df27849e0bcb62c6a3404e780b274b0b7e4c39a88826d1926c28"},
    {file = "lxml-4.9.4-cp311-cp311-manylinux_2_12_i686.manylinux2010_i686.manylinux_2_24_i686.whl", hash = "sha256:43498ea734ccdfb92e1886dfedaebeb81178a241d39a79d5351ba2b671bff2b2"},
    {file = "lxml-4.9.4-cp311-cp311-manylinux_2_17_aarch64.manylinux2014_aarch64.manylinux_2_24_aarch64.whl", hash = "sha256:4855161013dfb2b762e02b3f4d4a21cc7c6aec13c69e3bffbf5022b3e708dd97"},
    {file = "lxml-4.9.4-cp311-cp311-manylinux_2_17_x86_64.manylinux2014_x86_64.manylinux_2_24_x86_64.whl", hash = "sha256:c71b5b860c5215fdbaa56f715bc218e45a98477f816b46cfde4a84d25b13274e"},
    {file = "lxml-4.9.4-cp311-cp311-manylinux_2_28_aarch64.whl", hash = "sha256:9a2b5915c333e4364367140443b59f09feae42184459b913f0f41b9fed55794a"},
    {file = "lxml-4.9.4-cp311-cp311-manylinux_2_28_x86_64.whl", hash = "sha256:d82411dbf4d3127b6cde7da0f9373e37ad3a43e89ef374965465928f01c2b979"},
    {file = "lxml-4.9.4-cp311-cp311-musllinux_1_1_aarch64.whl", hash = "sha256:273473d34462ae6e97c0f4e517bd1bf9588aa67a1d47d93f760a1282640e24ac"},
    {file = "lxml-4.9.4-cp311-cp311-musllinux_1_1_x86_64.whl", hash = "sha256:389d2b2e543b27962990ab529ac6720c3dded588cc6d0f6557eec153305a3622"},
    {file = "lxml-4.9.4-cp311-cp311-win32.whl", hash = "sha256:8aecb5a7f6f7f8fe9cac0bcadd39efaca8bbf8d1bf242e9f175cbe4c925116c3"},
    {file = "lxml-4.9.4-cp311-cp311-win_amd64.whl", hash = "sha256:c7721a3ef41591341388bb2265395ce522aba52f969d33dacd822da8f018aff8"},
    {file = "lxml-4.9.4-cp312-cp312-macosx_11_0_universal2.whl", hash = "sha256:dbcb2dc07308453db428a95a4d03259bd8caea97d7f0776842299f2d00c72fc8"},
    {file = "lxml-4.9.4-cp312-cp312-manylinux_2_28_aarch64.whl", hash = "sha256:01bf1df1db327e748dcb152d17389cf6d0a8c5d533ef9bab781e9d5037619229"},
    {file = "lxml-4.9.4-cp312-cp312-manylinux_2_28_x86_64.whl", hash = "sha256:e8f9f93a23634cfafbad6e46ad7d09e0f4a25a2400e4a64b1b7b7c0fbaa06d9d"},
    {file = "lxml-4.9.4-cp312-cp312-musllinux_1_1_aarch64.whl", hash = "sha256:3f3f00a9061605725df1816f5713d10cd94636347ed651abdbc75828df302b20"},
    {file = "lxml-4.9.4-cp312-cp312-musllinux_1_1_x86_64.whl", hash = "sha256:953dd5481bd6252bd480d6ec431f61d7d87fdcbbb71b0d2bdcfc6ae00bb6fb10"},
    {file = "lxml-4.9.4-cp312-cp312-win32.whl", hash = "sha256:266f655d1baff9c47b52f529b5f6bec33f66042f65f7c56adde3fcf2ed62ae8b"},
    {file = "lxml-4.9.4-cp312-cp312-win_amd64.whl", hash = "sha256:f1faee2a831fe249e1bae9cbc68d3cd8a30f7e37851deee4d7962b17c410dd56"},
    {file = "lxml-4.9.4-cp35-cp35m-manylinux_2_5_i686.manylinux1_i686.whl", hash = "sha256:23d891e5bdc12e2e506e7d225d6aa929e0a0368c9916c1fddefab88166e98b20"},
    {file = "lxml-4.9.4-cp35-cp35m-manylinux_2_5_x86_64.manylinux1_x86_64.whl", hash = "sha256:e96a1788f24d03e8d61679f9881a883ecdf9c445a38f9ae3f3f193ab6c591c66"},
    {file = "lxml-4.9.4-cp36-cp36m-macosx_11_0_x86_64.whl", hash = "sha256:5557461f83bb7cc718bc9ee1f7156d50e31747e5b38d79cf40f79ab1447afd2d"},
    {file = "lxml-4.9.4-cp36-cp36m-manylinux_2_12_i686.manylinux2010_i686.manylinux_2_24_i686.whl", hash = "sha256:fdb325b7fba1e2c40b9b1db407f85642e32404131c08480dd652110fc908561b"},
    {file = "lxml-4.9.4-cp36-cp36m-manylinux_2_17_aarch64.manylinux2014_aarch64.whl", hash = "sha256:3d74d4a3c4b8f7a1f676cedf8e84bcc57705a6d7925e6daef7a1e54ae543a197"},
    {file = "lxml-4.9.4-cp36-cp36m-manylinux_2_17_x86_64.manylinux2014_x86_64.manylinux_2_24_x86_64.whl", hash = "sha256:ac7674d1638df129d9cb4503d20ffc3922bd463c865ef3cb412f2c926108e9a4"},
    {file = "lxml-4.9.4-cp36-cp36m-manylinux_2_28_x86_64.whl", hash = "sha256:ddd92e18b783aeb86ad2132d84a4b795fc5ec612e3545c1b687e7747e66e2b53"},
    {file = "lxml-4.9.4-cp36-cp36m-manylinux_2_5_i686.manylinux1_i686.whl", hash = "sha256:2bd9ac6e44f2db368ef8986f3989a4cad3de4cd55dbdda536e253000c801bcc7"},
    {file = "lxml-4.9.4-cp36-cp36m-manylinux_2_5_x86_64.manylinux1_x86_64.whl", hash = "sha256:bc354b1393dce46026ab13075f77b30e40b61b1a53e852e99d3cc5dd1af4bc85"},
    {file = "lxml-4.9.4-cp36-cp36m-musllinux_1_1_aarch64.whl", hash = "sha256:f836f39678cb47c9541f04d8ed4545719dc31ad850bf1832d6b4171e30d65d23"},
    {file = "lxml-4.9.4-cp36-cp36m-musllinux_1_1_x86_64.whl", hash = "sha256:9c131447768ed7bc05a02553d939e7f0e807e533441901dd504e217b76307745"},
    {file = "lxml-4.9.4-cp36-cp36m-win32.whl", hash = "sha256:bafa65e3acae612a7799ada439bd202403414ebe23f52e5b17f6ffc2eb98c2be"},
    {file = "lxml-4.9.4-cp36-cp36m-win_amd64.whl", hash = "sha256:6197c3f3c0b960ad033b9b7d611db11285bb461fc6b802c1dd50d04ad715c225"},
    {file = "lxml-4.9.4-cp37-cp37m-manylinux_2_12_i686.manylinux2010_i686.manylinux_2_24_i686.whl", hash = "sha256:7b378847a09d6bd46047f5f3599cdc64fcb4cc5a5a2dd0a2af610361fbe77b16"},
    {file = "lxml-4.9.4-cp37-cp37m-manylinux_2_17_aarch64.manylinux2014_aarch64.manylinux_2_24_aarch64.whl", hash = "sha256:1343df4e2e6e51182aad12162b23b0a4b3fd77f17527a78c53f0f23573663545"},
    {file = "lxml-4.9.4-cp37-cp37m-manylinux_2_17_x86_64.manylinux2014_x86_64.manylinux_2_24_x86_64.whl", hash = "sha256:6dbdacf5752fbd78ccdb434698230c4f0f95df7dd956d5f205b5ed6911a1367c"},
    {file = "lxml-4.9.4-cp37-cp37m-manylinux_2_28_x86_64.whl", hash = "sha256:506becdf2ecaebaf7f7995f776394fcc8bd8a78022772de66677c84fb02dd33d"},
    {file = "lxml-4.9.4-cp37-cp37m-manylinux_2_5_i686.manylinux1_i686.whl", hash = "sha256:ca8e44b5ba3edb682ea4e6185b49661fc22b230cf811b9c13963c9f982d1d964"},
    {file = "lxml-4.9.4-cp37-cp37m-manylinux_2_5_x86_64.manylinux1_x86_64.whl", hash = "sha256:9d9d5726474cbbef279fd709008f91a49c4f758bec9c062dfbba88eab00e3ff9"},
    {file = "lxml-4.9.4-cp37-cp37m-musllinux_1_1_aarch64.whl", hash = "sha256:bbdd69e20fe2943b51e2841fc1e6a3c1de460d630f65bde12452d8c97209464d"},
    {file = "lxml-4.9.4-cp37-cp37m-musllinux_1_1_x86_64.whl", hash = "sha256:8671622256a0859f5089cbe0ce4693c2af407bc053dcc99aadff7f5310b4aa02"},
    {file = "lxml-4.9.4-cp37-cp37m-win32.whl", hash = "sha256:dd4fda67f5faaef4f9ee5383435048ee3e11ad996901225ad7615bc92245bc8e"},
    {file = "lxml-4.9.4-cp37-cp37m-win_amd64.whl", hash = "sha256:6bee9c2e501d835f91460b2c904bc359f8433e96799f5c2ff20feebd9bb1e590"},
    {file = "lxml-4.9.4-cp38-cp38-manylinux_2_12_i686.manylinux2010_i686.manylinux_2_24_i686.whl", hash = "sha256:1f10f250430a4caf84115b1e0f23f3615566ca2369d1962f82bef40dd99cd81a"},
    {file = "lxml-4.9.4-cp38-cp38-manylinux_2_17_aarch64.manylinux2014_aarch64.manylinux_2_24_aarch64.whl", hash = "sha256:3b505f2bbff50d261176e67be24e8909e54b5d9d08b12d4946344066d66b3e43"},
    {file = "lxml-4.9.4-cp38-cp38-manylinux_2_17_x86_64.manylinux2014_x86_64.manylinux_2_24_x86_64.whl", hash = "sha256:1449f9451cd53e0fd0a7ec2ff5ede4686add13ac7a7bfa6988ff6d75cff3ebe2"},
    {file = "lxml-4.9.4-cp38-cp38-manylinux_2_28_x86_64.whl", hash = "sha256:4ece9cca4cd1c8ba889bfa67eae7f21d0d1a2e715b4d5045395113361e8c533d"},
    {file = "lxml-4.9.4-cp38-cp38-manylinux_2_5_i686.manylinux1_i686.whl", hash = "sha256:59bb5979f9941c61e907ee571732219fa4774d5a18f3fa5ff2df963f5dfaa6bc"},
    {file = "lxml-4.9.4-cp38-cp38-manylinux_2_5_x86_64.manylinux1_x86_64.whl", hash = "sha256:b1980dbcaad634fe78e710c8587383e6e3f61dbe146bcbfd13a9c8ab2d7b1192"},
    {file = "lxml-4.9.4-cp38-cp38-musllinux_1_1_aarch64.whl", hash = "sha256:9ae6c3363261021144121427b1552b29e7b59de9d6a75bf51e03bc072efb3c37"},
    {file = "lxml-4.9.4-cp38-cp38-musllinux_1_1_x86_64.whl", hash = "sha256:bcee502c649fa6351b44bb014b98c09cb00982a475a1912a9881ca28ab4f9cd9"},
    {file = "lxml-4.9.4-cp38-cp38-win32.whl", hash = "sha256:a8edae5253efa75c2fc79a90068fe540b197d1c7ab5803b800fccfe240eed33c"},
    {file = "lxml-4.9.4-cp38-cp38-win_amd64.whl", hash = "sha256:701847a7aaefef121c5c0d855b2affa5f9bd45196ef00266724a80e439220e46"},
    {file = "lxml-4.9.4-cp39-cp39-macosx_11_0_x86_64.whl", hash = "sha256:f610d980e3fccf4394ab3806de6065682982f3d27c12d4ce3ee46a8183d64a6a"},
    {file = "lxml-4.9.4-cp39-cp39-manylinux_2_12_i686.manylinux2010_i686.manylinux_2_24_i686.whl", hash = "sha256:aa9b5abd07f71b081a33115d9758ef6077924082055005808f68feccb27616bd"},
    {file = "lxml-4.9.4-cp39-cp39-manylinux_2_17_aarch64.manylinux2014_aarch64.manylinux_2_24_aarch64.whl", hash = "sha256:365005e8b0718ea6d64b374423e870648ab47c3a905356ab6e5a5ff03962b9a9"},
    {file = "lxml-4.9.4-cp39-cp39-manylinux_2_17_x86_64.manylinux2014_x86_64.manylinux_2_24_x86_64.whl", hash = "sha256:16b9ec51cc2feab009e800f2c6327338d6ee4e752c76e95a35c4465e80390ccd"},
    {file = "lxml-4.9.4-cp39-cp39-manylinux_2_28_x86_64.whl", hash = "sha256:a905affe76f1802edcac554e3ccf68188bea16546071d7583fb1b693f9cf756b"},
    {file = "lxml-4.9.4-cp39-cp39-manylinux_2_5_i686.manylinux1_i686.whl", hash = "sha256:fd814847901df6e8de13ce69b84c31fc9b3fb591224d6762d0b256d510cbf382"},
    {file = "lxml-4.9.4-cp39-cp39-manylinux_2_5_x86_64.manylinux1_x86_64.whl", hash = "sha256:91bbf398ac8bb7d65a5a52127407c05f75a18d7015a270fdd94bbcb04e65d573"},
    {file = "lxml-4.9.4-cp39-cp39-musllinux_1_1_aarch64.whl", hash = "sha256:f99768232f036b4776ce419d3244a04fe83784bce871b16d2c2e984c7fcea847"},
    {file = "lxml-4.9.4-cp39-cp39-musllinux_1_1_x86_64.whl", hash = "sha256:bb5bd6212eb0edfd1e8f254585290ea1dadc3687dd8fd5e2fd9a87c31915cdab"},
    {file = "lxml-4.9.4-cp39-cp39-win32.whl", hash = "sha256:88f7c383071981c74ec1998ba9b437659e4fd02a3c4a4d3efc16774eb108d0ec"},
    {file = "lxml-4.9.4-cp39-cp39-win_amd64.whl", hash = "sha256:936e8880cc00f839aa4173f94466a8406a96ddce814651075f95837316369899"},
    {file = "lxml-4.9.4-pp310-pypy310_pp73-macosx_11_0_x86_64.whl", hash = "sha256:f6c35b2f87c004270fa2e703b872fcc984d714d430b305145c39d53074e1ffe0"},
    {file = "lxml-4.9.4-pp310-pypy310_pp73-manylinux_2_28_x86_64.whl", hash = "sha256:606d445feeb0856c2b424405236a01c71af7c97e5fe42fbc778634faef2b47e4"},
    {file = "lxml-4.9.4-pp310-pypy310_pp73-win_amd64.whl", hash = "sha256:a1bdcbebd4e13446a14de4dd1825f1e778e099f17f79718b4aeaf2403624b0f7"},
    {file = "lxml-4.9.4-pp37-pypy37_pp73-manylinux_2_12_i686.manylinux2010_i686.manylinux_2_24_i686.whl", hash = "sha256:0a08c89b23117049ba171bf51d2f9c5f3abf507d65d016d6e0fa2f37e18c0fc5"},
    {file = "lxml-4.9.4-pp37-pypy37_pp73-manylinux_2_17_x86_64.manylinux2014_x86_64.manylinux_2_24_x86_64.whl", hash = "sha256:232fd30903d3123be4c435fb5159938c6225ee8607b635a4d3fca847003134ba"},
    {file = "lxml-4.9.4-pp37-pypy37_pp73-manylinux_2_28_x86_64.whl", hash = "sha256:231142459d32779b209aa4b4d460b175cadd604fed856f25c1571a9d78114771"},
    {file = "lxml-4.9.4-pp38-pypy38_pp73-macosx_11_0_x86_64.whl", hash = "sha256:520486f27f1d4ce9654154b4494cf9307b495527f3a2908ad4cb48e4f7ed7ef7"},
    {file = "lxml-4.9.4-pp38-pypy38_pp73-manylinux_2_12_i686.manylinux2010_i686.manylinux_2_24_i686.whl", hash = "sha256:562778586949be7e0d7435fcb24aca4810913771f845d99145a6cee64d5b67ca"},
    {file = "lxml-4.9.4-pp38-pypy38_pp73-manylinux_2_17_x86_64.manylinux2014_x86_64.manylinux_2_24_x86_64.whl", hash = "sha256:a9e7c6d89c77bb2770c9491d988f26a4b161d05c8ca58f63fb1f1b6b9a74be45"},
    {file = "lxml-4.9.4-pp38-pypy38_pp73-manylinux_2_28_x86_64.whl", hash = "sha256:786d6b57026e7e04d184313c1359ac3d68002c33e4b1042ca58c362f1d09ff58"},
    {file = "lxml-4.9.4-pp38-pypy38_pp73-win_amd64.whl", hash = "sha256:95ae6c5a196e2f239150aa4a479967351df7f44800c93e5a975ec726fef005e2"},
    {file = "lxml-4.9.4-pp39-pypy39_pp73-macosx_11_0_x86_64.whl", hash = "sha256:9b556596c49fa1232b0fff4b0e69b9d4083a502e60e404b44341e2f8fb7187f5"},
    {file = "lxml-4.9.4-pp39-pypy39_pp73-manylinux_2_12_i686.manylinux2010_i686.manylinux_2_24_i686.whl", hash = "sha256:cc02c06e9e320869d7d1bd323df6dd4281e78ac2e7f8526835d3d48c69060683"},
    {file = "lxml-4.9.4-pp39-pypy39_pp73-manylinux_2_17_x86_64.manylinux2014_x86_64.manylinux_2_24_x86_64.whl", hash = "sha256:857d6565f9aa3464764c2cb6a2e3c2e75e1970e877c188f4aeae45954a314e0c"},
    {file = "lxml-4.9.4-pp39-pypy39_pp73-manylinux_2_28_x86_64.whl", hash = "sha256:c42ae7e010d7d6bc51875d768110c10e8a59494855c3d4c348b068f5fb81fdcd"},
    {file = "lxml-4.9.4-pp39-pypy39_pp73-win_amd64.whl", hash = "sha256:f10250bb190fb0742e3e1958dd5c100524c2cc5096c67c8da51233f7448dc137"},
    {file = "lxml-4.9.4.tar.gz", hash = "sha256:b1541e50b78e15fa06a2670157a1962ef06591d4c998b998047fff5e3236880e"},
]

[package.extras]
cssselect = ["cssselect (>=0.7)"]
html5 = ["html5lib"]
htmlsoup = ["BeautifulSoup4"]
source = ["Cython (==0.29.37)"]

[[package]]
name = "numpy"
version = "1.26.2"
description = "Fundamental package for array computing in Python"
optional = false
python-versions = ">=3.9"
files = [
    {file = "numpy-1.26.2-cp310-cp310-macosx_10_9_x86_64.whl", hash = "sha256:3703fc9258a4a122d17043e57b35e5ef1c5a5837c3db8be396c82e04c1cf9b0f"},
    {file = "numpy-1.26.2-cp310-cp310-macosx_11_0_arm64.whl", hash = "sha256:cc392fdcbd21d4be6ae1bb4475a03ce3b025cd49a9be5345d76d7585aea69440"},
    {file = "numpy-1.26.2-cp310-cp310-manylinux_2_17_aarch64.manylinux2014_aarch64.whl", hash = "sha256:36340109af8da8805d8851ef1d74761b3b88e81a9bd80b290bbfed61bd2b4f75"},
    {file = "numpy-1.26.2-cp310-cp310-manylinux_2_17_x86_64.manylinux2014_x86_64.whl", hash = "sha256:bcc008217145b3d77abd3e4d5ef586e3bdfba8fe17940769f8aa09b99e856c00"},
    {file = "numpy-1.26.2-cp310-cp310-musllinux_1_1_aarch64.whl", hash = "sha256:3ced40d4e9e18242f70dd02d739e44698df3dcb010d31f495ff00a31ef6014fe"},
    {file = "numpy-1.26.2-cp310-cp310-musllinux_1_1_x86_64.whl", hash = "sha256:b272d4cecc32c9e19911891446b72e986157e6a1809b7b56518b4f3755267523"},
    {file = "numpy-1.26.2-cp310-cp310-win32.whl", hash = "sha256:22f8fc02fdbc829e7a8c578dd8d2e15a9074b630d4da29cda483337e300e3ee9"},
    {file = "numpy-1.26.2-cp310-cp310-win_amd64.whl", hash = "sha256:26c9d33f8e8b846d5a65dd068c14e04018d05533b348d9eaeef6c1bd787f9919"},
    {file = "numpy-1.26.2-cp311-cp311-macosx_10_9_x86_64.whl", hash = "sha256:b96e7b9c624ef3ae2ae0e04fa9b460f6b9f17ad8b4bec6d7756510f1f6c0c841"},
    {file = "numpy-1.26.2-cp311-cp311-macosx_11_0_arm64.whl", hash = "sha256:aa18428111fb9a591d7a9cc1b48150097ba6a7e8299fb56bdf574df650e7d1f1"},
    {file = "numpy-1.26.2-cp311-cp311-manylinux_2_17_aarch64.manylinux2014_aarch64.whl", hash = "sha256:06fa1ed84aa60ea6ef9f91ba57b5ed963c3729534e6e54055fc151fad0423f0a"},
    {file = "numpy-1.26.2-cp311-cp311-manylinux_2_17_x86_64.manylinux2014_x86_64.whl", hash = "sha256:96ca5482c3dbdd051bcd1fce8034603d6ebfc125a7bd59f55b40d8f5d246832b"},
    {file = "numpy-1.26.2-cp311-cp311-musllinux_1_1_aarch64.whl", hash = "sha256:854ab91a2906ef29dc3925a064fcd365c7b4da743f84b123002f6139bcb3f8a7"},
    {file = "numpy-1.26.2-cp311-cp311-musllinux_1_1_x86_64.whl", hash = "sha256:f43740ab089277d403aa07567be138fc2a89d4d9892d113b76153e0e412409f8"},
    {file = "numpy-1.26.2-cp311-cp311-win32.whl", hash = "sha256:a2bbc29fcb1771cd7b7425f98b05307776a6baf43035d3b80c4b0f29e9545186"},
    {file = "numpy-1.26.2-cp311-cp311-win_amd64.whl", hash = "sha256:2b3fca8a5b00184828d12b073af4d0fc5fdd94b1632c2477526f6bd7842d700d"},
    {file = "numpy-1.26.2-cp312-cp312-macosx_10_9_x86_64.whl", hash = "sha256:a4cd6ed4a339c21f1d1b0fdf13426cb3b284555c27ac2f156dfdaaa7e16bfab0"},
    {file = "numpy-1.26.2-cp312-cp312-macosx_11_0_arm64.whl", hash = "sha256:5d5244aabd6ed7f312268b9247be47343a654ebea52a60f002dc70c769048e75"},
    {file = "numpy-1.26.2-cp312-cp312-manylinux_2_17_aarch64.manylinux2014_aarch64.whl", hash = "sha256:6a3cdb4d9c70e6b8c0814239ead47da00934666f668426fc6e94cce869e13fd7"},
    {file = "numpy-1.26.2-cp312-cp312-manylinux_2_17_x86_64.manylinux2014_x86_64.whl", hash = "sha256:aa317b2325f7aa0a9471663e6093c210cb2ae9c0ad824732b307d2c51983d5b6"},
    {file = "numpy-1.26.2-cp312-cp312-musllinux_1_1_aarch64.whl", hash = "sha256:174a8880739c16c925799c018f3f55b8130c1f7c8e75ab0a6fa9d41cab092fd6"},
    {file = "numpy-1.26.2-cp312-cp312-musllinux_1_1_x86_64.whl", hash = "sha256:f79b231bf5c16b1f39c7f4875e1ded36abee1591e98742b05d8a0fb55d8a3eec"},
    {file = "numpy-1.26.2-cp312-cp312-win32.whl", hash = "sha256:4a06263321dfd3598cacb252f51e521a8cb4b6df471bb12a7ee5cbab20ea9167"},
    {file = "numpy-1.26.2-cp312-cp312-win_amd64.whl", hash = "sha256:b04f5dc6b3efdaab541f7857351aac359e6ae3c126e2edb376929bd3b7f92d7e"},
    {file = "numpy-1.26.2-cp39-cp39-macosx_10_9_x86_64.whl", hash = "sha256:4eb8df4bf8d3d90d091e0146f6c28492b0be84da3e409ebef54349f71ed271ef"},
    {file = "numpy-1.26.2-cp39-cp39-macosx_11_0_arm64.whl", hash = "sha256:1a13860fdcd95de7cf58bd6f8bc5a5ef81c0b0625eb2c9a783948847abbef2c2"},
    {file = "numpy-1.26.2-cp39-cp39-manylinux_2_17_aarch64.manylinux2014_aarch64.whl", hash = "sha256:64308ebc366a8ed63fd0bf426b6a9468060962f1a4339ab1074c228fa6ade8e3"},
    {file = "numpy-1.26.2-cp39-cp39-manylinux_2_17_x86_64.manylinux2014_x86_64.whl", hash = "sha256:baf8aab04a2c0e859da118f0b38617e5ee65d75b83795055fb66c0d5e9e9b818"},
    {file = "numpy-1.26.2-cp39-cp39-musllinux_1_1_aarch64.whl", hash = "sha256:d73a3abcac238250091b11caef9ad12413dab01669511779bc9b29261dd50210"},
    {file = "numpy-1.26.2-cp39-cp39-musllinux_1_1_x86_64.whl", hash = "sha256:b361d369fc7e5e1714cf827b731ca32bff8d411212fccd29ad98ad622449cc36"},
    {file = "numpy-1.26.2-cp39-cp39-win32.whl", hash = "sha256:bd3f0091e845164a20bd5a326860c840fe2af79fa12e0469a12768a3ec578d80"},
    {file = "numpy-1.26.2-cp39-cp39-win_amd64.whl", hash = "sha256:2beef57fb031dcc0dc8fa4fe297a742027b954949cabb52a2a376c144e5e6060"},
    {file = "numpy-1.26.2-pp39-pypy39_pp73-macosx_10_9_x86_64.whl", hash = "sha256:1cc3d5029a30fb5f06704ad6b23b35e11309491c999838c31f124fee32107c79"},
    {file = "numpy-1.26.2-pp39-pypy39_pp73-manylinux_2_17_x86_64.manylinux2014_x86_64.whl", hash = "sha256:94cc3c222bb9fb5a12e334d0479b97bb2df446fbe622b470928f5284ffca3f8d"},
    {file = "numpy-1.26.2-pp39-pypy39_pp73-win_amd64.whl", hash = "sha256:fe6b44fb8fcdf7eda4ef4461b97b3f63c466b27ab151bec2366db8b197387841"},
    {file = "numpy-1.26.2.tar.gz", hash = "sha256:f65738447676ab5777f11e6bbbdb8ce11b785e105f690bc45966574816b6d3ea"},
]

[[package]]
name = "platform-utils"
version = "1.5.1"
description = "Cross-platform utilities for accomplishing some tasks that the stdlib isn't equipped to provide"
optional = false
python-versions = "*"
files = [
    {file = "platform_utils-1.5.1-py2.py3-none-any.whl", hash = "sha256:7b47255f10dcced43f5a880597f9f22ebb0c160dd71fbf46dc8ee4f45e07bfdb"},
    {file = "platform_utils-1.5.1.tar.gz", hash = "sha256:f529220ec09f8c3db2ded7ed7ccbd7460b85f7d9c934f9247766ab1d2883aa7a"},
]

[package.dependencies]
pywin32 = {version = "*", markers = "sys_platform == \"win32\""}
winpaths = {version = "*", markers = "sys_platform == \"win32\""}

[[package]]
name = "pybullet"
version = "3.2.6"
description = "Official Python Interface for the Bullet Physics SDK specialized for Robotics Simulation and Reinforcement Learning"
optional = false
python-versions = "*"
files = [
    {file = "pybullet-3.2.6-cp310-cp310-manylinux_2_17_x86_64.manylinux2014_x86_64.whl", hash = "sha256:6f71d0bed6824875b521066571d612274f1d2dead3ede50f8fbdde1946ec0c40"},
    {file = "pybullet-3.2.6-cp311-cp311-manylinux_2_17_x86_64.manylinux2014_x86_64.whl", hash = "sha256:a476d51726efa7aabe1dc8c4ee676b78bcd9fc19d4a2ce9776f2c9a9dacd9e8b"},
    {file = "pybullet-3.2.6-cp36-cp36m-manylinux_2_17_x86_64.manylinux2014_x86_64.whl", hash = "sha256:8af791050e927f407a85fa9de15754fbe0973f8c798fd2893773b52fa1fc70e0"},
    {file = "pybullet-3.2.6-cp37-cp37m-manylinux_2_17_x86_64.manylinux2014_x86_64.whl", hash = "sha256:72be1e68c61bbe49af5b7c609d59ede92d3fbbfca072e9b31d4819575c8f332b"},
    {file = "pybullet-3.2.6-cp38-cp38-manylinux_2_17_x86_64.manylinux2014_x86_64.whl", hash = "sha256:ba46f9d8ae76d2bcae4bf4b5768b1dccc0b3b15110b69ba3d78cd0b11f8f21cf"},
    {file = "pybullet-3.2.6-cp39-cp39-manylinux_2_17_x86_64.manylinux2014_x86_64.whl", hash = "sha256:f928444471186c5d6092d71371b03436e23ec96acd7800dfefcd8e96572c6581"},
    {file = "pybullet-3.2.6.tar.gz", hash = "sha256:da27525433c88698dc9fd8bc20fa4ae4d07738b4656633659ebd82c2d2884e08"},
]

[[package]]
name = "pygame"
version = "2.5.2"
description = "Python Game Development"
optional = false
python-versions = ">=3.6"
files = [
    {file = "pygame-2.5.2-cp310-cp310-macosx_10_9_x86_64.whl", hash = "sha256:a0769eb628c818761755eb0a0ca8216b95270ea8cbcbc82227e39ac9644643da"},
    {file = "pygame-2.5.2-cp310-cp310-macosx_11_0_arm64.whl", hash = "sha256:ed9a3d98adafa0805ccbaaff5d2996a2b5795381285d8437a4a5d248dbd12b4a"},
    {file = "pygame-2.5.2-cp310-cp310-manylinux_2_17_aarch64.manylinux2014_aarch64.whl", hash = "sha256:f30d1618672a55e8c6669281ba264464b3ab563158e40d89e8c8b3faa0febebd"},
    {file = "pygame-2.5.2-cp310-cp310-manylinux_2_17_i686.manylinux2014_i686.whl", hash = "sha256:39690e9be9baf58b7359d1f3b2336e1fd6f92fedbbce42987be5df27f8d30718"},
    {file = "pygame-2.5.2-cp310-cp310-manylinux_2_17_x86_64.manylinux2014_x86_64.whl", hash = "sha256:03879ec299c9f4ba23901b2649a96b2143f0a5d787f0b6c39469989e2320caf1"},
    {file = "pygame-2.5.2-cp310-cp310-win32.whl", hash = "sha256:74e1d6284100e294f445832e6f6343be4fe4748decc4f8a51131ae197dae8584"},
    {file = "pygame-2.5.2-cp310-cp310-win_amd64.whl", hash = "sha256:485239c7d32265fd35b76ae8f64f34b0637ae11e69d76de15710c4b9edcc7c8d"},
    {file = "pygame-2.5.2-cp311-cp311-macosx_10_9_x86_64.whl", hash = "sha256:34646ca20e163dc6f6cf8170f1e12a2e41726780112594ac061fa448cf7ccd75"},
    {file = "pygame-2.5.2-cp311-cp311-macosx_11_0_arm64.whl", hash = "sha256:3b8a6e351665ed26ea791f0e1fd649d3f483e8681892caef9d471f488f9ea5ee"},
    {file = "pygame-2.5.2-cp311-cp311-manylinux_2_17_aarch64.manylinux2014_aarch64.whl", hash = "sha256:dc346965847aef00013fa2364f41a64f068cd096dcc7778fc306ca3735f0eedf"},
    {file = "pygame-2.5.2-cp311-cp311-manylinux_2_17_i686.manylinux2014_i686.whl", hash = "sha256:35632035fd81261f2d797fa810ea8c46111bd78ceb6089d52b61ed7dc3c5d05f"},
    {file = "pygame-2.5.2-cp311-cp311-manylinux_2_17_x86_64.manylinux2014_x86_64.whl", hash = "sha256:0e24d05184e4195fe5ebcdce8b18ecb086f00182b9ae460a86682d312ce8d31f"},
    {file = "pygame-2.5.2-cp311-cp311-win32.whl", hash = "sha256:f02c1c7505af18d426d355ac9872bd5c916b27f7b0fe224749930662bea47a50"},
    {file = "pygame-2.5.2-cp311-cp311-win_amd64.whl", hash = "sha256:6d58c8cf937815d3b7cdc0fa9590c5129cb2c9658b72d00e8a4568dea2ff1d42"},
    {file = "pygame-2.5.2-cp312-cp312-macosx_10_9_x86_64.whl", hash = "sha256:1a2a43802bb5e89ce2b3b775744e78db4f9a201bf8d059b946c61722840ceea8"},
    {file = "pygame-2.5.2-cp312-cp312-macosx_11_0_arm64.whl", hash = "sha256:1c289f2613c44fe70a1e40769de4a49c5ab5a29b9376f1692bb1a15c9c1c9bfa"},
    {file = "pygame-2.5.2-cp312-cp312-manylinux_2_17_aarch64.manylinux2014_aarch64.whl", hash = "sha256:074aa6c6e110c925f7f27f00c7733c6303407edc61d738882985091d1eb2ef17"},
    {file = "pygame-2.5.2-cp312-cp312-manylinux_2_17_i686.manylinux2014_i686.whl", hash = "sha256:fe0228501ec616779a0b9c4299e837877783e18df294dd690b9ab0eed3d8aaab"},
    {file = "pygame-2.5.2-cp312-cp312-manylinux_2_17_x86_64.manylinux2014_x86_64.whl", hash = "sha256:31648d38ecdc2335ffc0e38fb18a84b3339730521505dac68514f83a1092e3f4"},
    {file = "pygame-2.5.2-cp312-cp312-win32.whl", hash = "sha256:224c308856334bc792f696e9278e50d099a87c116f7fc314cd6aa3ff99d21592"},
    {file = "pygame-2.5.2-cp312-cp312-win_amd64.whl", hash = "sha256:dd2d2650faf54f9a0f5bd0db8409f79609319725f8f08af6507a0609deadcad4"},
    {file = "pygame-2.5.2-cp36-cp36m-macosx_10_9_x86_64.whl", hash = "sha256:9b30bc1220c457169571aac998e54b013aaeb732d2fd8744966cb1cfab1f61d1"},
    {file = "pygame-2.5.2-cp36-cp36m-manylinux_2_17_aarch64.manylinux2014_aarch64.whl", hash = "sha256:78fcd7643358b886a44127ff7dec9041c056c212b3a98977674f83f99e9b12d3"},
    {file = "pygame-2.5.2-cp36-cp36m-manylinux_2_17_i686.manylinux2014_i686.whl", hash = "sha256:35cf093a51cb294ede56c29d4acf41538c00f297fcf78a9b186fb7d23c0577b6"},
    {file = "pygame-2.5.2-cp36-cp36m-manylinux_2_17_x86_64.manylinux2014_x86_64.whl", hash = "sha256:6fe323acbf53a0195c8c98b1b941eba7ac24e3e2b28ae48e8cda566f15fc4945"},
    {file = "pygame-2.5.2-cp36-cp36m-win32.whl", hash = "sha256:5697528266b4716d9cdd44a5a1d210f4d86ef801d0f64ca5da5d0816704009d9"},
    {file = "pygame-2.5.2-cp36-cp36m-win_amd64.whl", hash = "sha256:edda1f7cff4806a4fa39e0e8ccd75f38d1d340fa5fc52d8582ade87aca247d92"},
    {file = "pygame-2.5.2-cp37-cp37m-macosx_10_9_x86_64.whl", hash = "sha256:9bd738fd4ecc224769d0b4a719f96900a86578e26e0105193658a32966df2aae"},
    {file = "pygame-2.5.2-cp37-cp37m-manylinux_2_17_aarch64.manylinux2014_aarch64.whl", hash = "sha256:30a8d7cf12363b4140bf2f93b5eec4028376ca1d0fe4b550588f836279485308"},
    {file = "pygame-2.5.2-cp37-cp37m-manylinux_2_17_i686.manylinux2014_i686.whl", hash = "sha256:bc12e4dea3e88ea8a553de6d56a37b704dbe2aed95105889f6afeb4b96e62097"},
    {file = "pygame-2.5.2-cp37-cp37m-manylinux_2_17_x86_64.manylinux2014_x86_64.whl", hash = "sha256:2b34c73cb328024f8db3cb6487a37e54000148988275d8d6e5adf99d9323c937"},
    {file = "pygame-2.5.2-cp37-cp37m-win32.whl", hash = "sha256:7d0a2794649defa57ef50b096a99f7113d3d0c2e32d1426cafa7d618eadce4c7"},
    {file = "pygame-2.5.2-cp37-cp37m-win_amd64.whl", hash = "sha256:41f8779f52e0f6e6e6ccb8f0b5536e432bf386ee29c721a1c22cada7767b0cef"},
    {file = "pygame-2.5.2-cp38-cp38-macosx_10_9_x86_64.whl", hash = "sha256:677e37bc0ea7afd89dde5a88ced4458aa8656159c70a576eea68b5622ee1997b"},
    {file = "pygame-2.5.2-cp38-cp38-macosx_11_0_arm64.whl", hash = "sha256:47a8415d2bd60e6909823b5643a1d4ef5cc29417d817f2a214b255f6fa3a1e4c"},
    {file = "pygame-2.5.2-cp38-cp38-manylinux_2_17_aarch64.manylinux2014_aarch64.whl", hash = "sha256:4ff21201df6278b8ca2e948fb148ffe88f5481fd03760f381dd61e45954c7dff"},
    {file = "pygame-2.5.2-cp38-cp38-manylinux_2_17_i686.manylinux2014_i686.whl", hash = "sha256:d29a84b2e02814b9ba925357fd2e1df78efe5e1aa64dc3051eaed95d2b96eafd"},
    {file = "pygame-2.5.2-cp38-cp38-manylinux_2_17_x86_64.manylinux2014_x86_64.whl", hash = "sha256:d78485c4d21133d6b2fbb504cd544ca655e50b6eb551d2995b3aa6035928adda"},
    {file = "pygame-2.5.2-cp38-cp38-win32.whl", hash = "sha256:d851247239548aa357c4a6840fb67adc2d570ce7cb56988d036a723d26b48bff"},
    {file = "pygame-2.5.2-cp38-cp38-win_amd64.whl", hash = "sha256:88d1cdacc2d3471eceab98bf0c93c14d3a8461f93e58e3d926f20d4de3a75554"},
    {file = "pygame-2.5.2-cp39-cp39-macosx_10_9_x86_64.whl", hash = "sha256:4f1559e7efe4efb9dc19d2d811d702f325d9605f9f6f9ececa39ee6890c798f5"},
    {file = "pygame-2.5.2-cp39-cp39-macosx_11_0_arm64.whl", hash = "sha256:cf2191b756ceb0e8458a761d0c665b0c70b538570449e0d39b75a5ba94ac5cf0"},
    {file = "pygame-2.5.2-cp39-cp39-manylinux_2_17_aarch64.manylinux2014_aarch64.whl", hash = "sha256:6cf2257447ce7f2d6de37e5fb019d2bbe32ed05a5721ace8bc78c2d9beaf3aee"},
    {file = "pygame-2.5.2-cp39-cp39-manylinux_2_17_i686.manylinux2014_i686.whl", hash = "sha256:d75cbbfaba2b81434d62631d0b08b85fab16cf4a36e40b80298d3868927e1299"},
    {file = "pygame-2.5.2-cp39-cp39-manylinux_2_17_x86_64.manylinux2014_x86_64.whl", hash = "sha256:daca456d5b9f52e088e06a127dec182b3638a775684fb2260f25d664351cf1ae"},
    {file = "pygame-2.5.2-cp39-cp39-win32.whl", hash = "sha256:3b3e619e33d11c297d7a57a82db40681f9c2c3ae1d5bf06003520b4fe30c435d"},
    {file = "pygame-2.5.2-cp39-cp39-win_amd64.whl", hash = "sha256:1822d534bb7fe756804647b6da2c9ea5d7a62d8796b2e15d172d3be085de28c6"},
    {file = "pygame-2.5.2-pp36-pypy36_pp73-win32.whl", hash = "sha256:e708fc8f709a0fe1d1876489345f2e443d47f3976d33455e2e1e937f972f8677"},
    {file = "pygame-2.5.2-pp37-pypy37_pp73-manylinux_2_17_i686.manylinux2014_i686.whl", hash = "sha256:c13edebc43c240fb0532969e914f0ccefff5ae7e50b0b788d08ad2c15ef793e4"},
    {file = "pygame-2.5.2-pp37-pypy37_pp73-manylinux_2_17_x86_64.manylinux2014_x86_64.whl", hash = "sha256:263b4a7cbfc9fe2055abc21b0251cc17dea6dff750f0e1c598919ff350cdbffe"},
    {file = "pygame-2.5.2-pp38-pypy38_pp73-macosx_10_9_x86_64.whl", hash = "sha256:e58e2b0c791041e4bccafa5bd7650623ba1592b8fe62ae0a276b7d0ecb314b6c"},
    {file = "pygame-2.5.2-pp38-pypy38_pp73-manylinux_2_17_i686.manylinux2014_i686.whl", hash = "sha256:a0bd67426c02ffe6c9827fc4bcbda9442fbc451d29b17c83a3c088c56fef2c90"},
    {file = "pygame-2.5.2-pp38-pypy38_pp73-manylinux_2_17_x86_64.manylinux2014_x86_64.whl", hash = "sha256:9dcff6cbba1584cf7732ce1dbdd044406cd4f6e296d13bcb7fba963fb4aeefc9"},
    {file = "pygame-2.5.2-pp39-pypy39_pp73-macosx_10_9_x86_64.whl", hash = "sha256:ce4b6c0bfe44d00bb0998a6517bd0cf9455f642f30f91bc671ad41c05bf6f6ae"},
    {file = "pygame-2.5.2-pp39-pypy39_pp73-manylinux_2_17_i686.manylinux2014_i686.whl", hash = "sha256:68c4e8e60b725ffc7a6c6ecd9bb5fcc5ed2d6e0e2a2c4a29a8454856ef16ad63"},
    {file = "pygame-2.5.2-pp39-pypy39_pp73-manylinux_2_17_x86_64.manylinux2014_x86_64.whl", hash = "sha256:1f3849f97372a3381c66955f99a0d58485ccd513c3d00c030b869094ce6997a6"},
    {file = "pygame-2.5.2.tar.gz", hash = "sha256:c1b89eb5d539e7ac5cf75513125fb5f2f0a2d918b1fd6e981f23bf0ac1b1c24a"},
]

[[package]]
name = "pywin32"
version = "306"
description = "Python for Window Extensions"
optional = false
python-versions = "*"
files = [
    {file = "pywin32-306-cp310-cp310-win32.whl", hash = "sha256:06d3420a5155ba65f0b72f2699b5bacf3109f36acbe8923765c22938a69dfc8d"},
    {file = "pywin32-306-cp310-cp310-win_amd64.whl", hash = "sha256:84f4471dbca1887ea3803d8848a1616429ac94a4a8d05f4bc9c5dcfd42ca99c8"},
    {file = "pywin32-306-cp311-cp311-win32.whl", hash = "sha256:e65028133d15b64d2ed8f06dd9fbc268352478d4f9289e69c190ecd6818b6407"},
    {file = "pywin32-306-cp311-cp311-win_amd64.whl", hash = "sha256:a7639f51c184c0272e93f244eb24dafca9b1855707d94c192d4a0b4c01e1100e"},
    {file = "pywin32-306-cp311-cp311-win_arm64.whl", hash = "sha256:70dba0c913d19f942a2db25217d9a1b726c278f483a919f1abfed79c9cf64d3a"},
    {file = "pywin32-306-cp312-cp312-win32.whl", hash = "sha256:383229d515657f4e3ed1343da8be101000562bf514591ff383ae940cad65458b"},
    {file = "pywin32-306-cp312-cp312-win_amd64.whl", hash = "sha256:37257794c1ad39ee9be652da0462dc2e394c8159dfd913a8a4e8eb6fd346da0e"},
    {file = "pywin32-306-cp312-cp312-win_arm64.whl", hash = "sha256:5821ec52f6d321aa59e2db7e0a35b997de60c201943557d108af9d4ae1ec7040"},
    {file = "pywin32-306-cp37-cp37m-win32.whl", hash = "sha256:1c73ea9a0d2283d889001998059f5eaaba3b6238f767c9cf2833b13e6a685f65"},
    {file = "pywin32-306-cp37-cp37m-win_amd64.whl", hash = "sha256:72c5f621542d7bdd4fdb716227be0dd3f8565c11b280be6315b06ace35487d36"},
    {file = "pywin32-306-cp38-cp38-win32.whl", hash = "sha256:e4c092e2589b5cf0d365849e73e02c391c1349958c5ac3e9d5ccb9a28e017b3a"},
    {file = "pywin32-306-cp38-cp38-win_amd64.whl", hash = "sha256:e8ac1ae3601bee6ca9f7cb4b5363bf1c0badb935ef243c4733ff9a393b1690c0"},
    {file = "pywin32-306-cp39-cp39-win32.whl", hash = "sha256:e25fd5b485b55ac9c057f67d94bc203f3f6595078d1fb3b458c9c28b7153a802"},
    {file = "pywin32-306-cp39-cp39-win_amd64.whl", hash = "sha256:39b61c15272833b5c329a2989999dcae836b1eed650252ab1b7bfbe1d59f30f4"},
]

[[package]]
name = "webcolors"
version = "1.13"
description = "A library for working with the color formats defined by HTML and CSS."
optional = false
python-versions = ">=3.7"
files = [
    {file = "webcolors-1.13-py3-none-any.whl", hash = "sha256:29bc7e8752c0a1bd4a1f03c14d6e6a72e93d82193738fa860cbff59d0fcc11bf"},
    {file = "webcolors-1.13.tar.gz", hash = "sha256:c225b674c83fa923be93d235330ce0300373d02885cef23238813b0d5668304a"},
]

[package.extras]
docs = ["furo", "sphinx", "sphinx-copybutton", "sphinx-inline-tabs", "sphinx-notfound-page", "sphinxext-opengraph"]
tests = ["pytest", "pytest-cov"]

[[package]]
name = "winpaths"
version = "0.2"
description = "Retrieves common Windows system paths as Unicode strings"
optional = false
python-versions = "*"
files = []

[metadata]
lock-version = "2.0"
python-versions = "^3.11"
content-hash = "b087a6257a0c625fca533b785f186a5e916541a39d4fedf9536ef0b991692d6d"
